version = 1
requires-python = ">=3.12"

[[package]]
name = "laboratorio-9"
version = "0.1.0"
source = { virtual = "." }
dependencies = [
    { name = "polars" },
]

[package.metadata]
requires-dist = [{ name = "polars", specifier = ">=1.15.0" }]

[[package]]
name = "polars"
version = "1.15.0"
source = { registry = "https://pypi.org/simple" }
sdist = { url = "https://files.pythonhosted.org/packages/ed/7d/283252074f9787b9ba2fdd3e8819906a0c80f69347b416bc8a1b981abd03/polars-1.15.0.tar.gz", hash = "sha256:4f60a64ceb2e56fd0f9f403d4b6734e033876904d04cb9a29c43653c6b2b2d43", size = 4179576 }
wheels = [
    { url = "https://files.pythonhosted.org/packages/f7/03/6bdf31683d4faddc029e1c4abbffc626c46bb4e87e84a730fecaf7429430/polars-1.15.0-cp39-abi3-macosx_10_12_x86_64.whl", hash = "sha256:d66ae8aae1a5b1273f7235173ad8022e479378eb36ff7ea6b1dd8224430d18bd", size = 34581764 },
    { url = "https://files.pythonhosted.org/packages/05/a3/6d7e178da328a84e610fcb1dfb22555d3d947b39a6029441bebbb58caaad/polars-1.15.0-cp39-abi3-macosx_11_0_arm64.whl", hash = "sha256:537df3259543956248c62b636a4e00b11becb30f97d1b4bd80a9e11f46c038bd", size = 30443116 },
    { url = "https://files.pythonhosted.org/packages/e3/70/67acead083a0aa6d2717fb35637ba7967d37f4a002527f3d29dc96fb445a/polars-1.15.0-cp39-abi3-manylinux_2_17_x86_64.manylinux2014_x86_64.whl", hash = "sha256:c6686bc8acaaed24f337ae1623536210370ab4d3099c1dbb79ccfc9ec083914a", size = 35798303 },
    { url = "https://files.pythonhosted.org/packages/77/7f/eb9e25dcfdf15b2b1fa18d1d1127268300674d20faabf8a13b3979eb83b0/polars-1.15.0-cp39-abi3-manylinux_2_24_aarch64.whl", hash = "sha256:1d15b86b73653befd834e48418d759954daeb831a08b32cd21034c88378c4037", size = 32151255 },
    { url = "https://files.pythonhosted.org/packages/b9/c5/873558da23dafedda97e248238d93efae72041e09dfa134110277de4aa66/polars-1.15.0-cp39-abi3-win_amd64.whl", hash = "sha256:e4602b715dc58b84e38102c9ffcc7738f078373415f55acf0760204443d62371", size = 35634901 },
]
